
Microsoft Visual Studio Solution File, Format Version 12.00
# Visual Studio Version 17
VisualStudioVersion = 17.7.34024.191
MinimumVisualStudioVersion = 10.0.40219.1
Project("{9A19103F-16F7-4668-BE54-9A1E7A4F7556}") = "MVPPractice1", "MVPPractice1.csproj", "{AD77E530-DBD9-45CE-B610-85308DACB592}"
EndProject
Global
	GlobalSection(SolutionConfigurationPlatforms) = preSolution
		Debug|Any CPU = Debug|Any CPU
		Release|Any CPU = Release|Any CPU
	EndGlobalSection
	GlobalSection(ProjectConfigurationPlatforms) = postSolution
		{AD77E530-DBD9-45CE-B610-85308DACB592}.Debug|Any CPU.ActiveCfg = Debug|Any CPU
		{AD77E530-DBD9-45CE-B610-85308DACB592}.Debug|Any CPU.Build.0 = Debug|Any CPU
		{AD77E530-DBD9-45CE-B610-85308DACB592}.Release|Any CPU.ActiveCfg = Release|Any CPU
		{AD77E530-DBD9-45CE-B610-85308DACB592}.Release|Any CPU.Build.0 = Release|Any CPU
	EndGlobalSection
	GlobalSection(SolutionProperties) = preSolution
		HideSolutionNode = FALSE
	EndGlobalSection
	GlobalSection(ExtensibilityGlobals) = postSolution
		SolutionGuid = {2C527C8E-386D-4898-A9DB-1DC1E5E58785}
	EndGlobalSection
EndGlobal
